
Microsoft Visual Studio Solution File, Format Version 12.00
# Visual Studio Version 16
VisualStudioVersion = 16.0.30406.217
MinimumVisualStudioVersion = 10.0.40219.1
Project("{FAE04EC0-301F-11D3-BF4B-00C04F79EFBC}") = "CompanyEmployees", "CompanyEmployees\CompanyEmployees.csproj", "{CA31ED07-7635-4618-A0C2-B5B53DBD36AE}"
EndProject
Project("{FAE04EC0-301F-11D3-BF4B-00C04F79EFBC}") = "LoggerService", "LoggerService\LoggerService.csproj", "{EB47C5B3-63BB-4A1D-AB70-63EB1437ECE7}"
EndProject
Project("{FAE04EC0-301F-11D3-BF4B-00C04F79EFBC}") = "Contracts", "Contracts\Contracts.csproj", "{7247F07A-E4C6-44F0-B236-AECF6BB92C13}"
EndProject
Project("{FAE04EC0-301F-11D3-BF4B-00C04F79EFBC}") = "Entities", "Entities\Entities.csproj", "{05D2928C-EE6F-443B-B832-299B9540424A}"
EndProject
Global
	GlobalSection(SolutionConfigurationPlatforms) = preSolution
		Debug|Any CPU = Debug|Any CPU
		Release|Any CPU = Release|Any CPU
	EndGlobalSection
	GlobalSection(ProjectConfigurationPlatforms) = postSolution
		{CA31ED07-7635-4618-A0C2-B5B53DBD36AE}.Debug|Any CPU.ActiveCfg = Debug|Any CPU
		{CA31ED07-7635-4618-A0C2-B5B53DBD36AE}.Debug|Any CPU.Build.0 = Debug|Any CPU
		{CA31ED07-7635-4618-A0C2-B5B53DBD36AE}.Release|Any CPU.ActiveCfg = Release|Any CPU
		{CA31ED07-7635-4618-A0C2-B5B53DBD36AE}.Release|Any CPU.Build.0 = Release|Any CPU
		{EB47C5B3-63BB-4A1D-AB70-63EB1437ECE7}.Debug|Any CPU.ActiveCfg = Debug|Any CPU
		{EB47C5B3-63BB-4A1D-AB70-63EB1437ECE7}.Debug|Any CPU.Build.0 = Debug|Any CPU
		{EB47C5B3-63BB-4A1D-AB70-63EB1437ECE7}.Release|Any CPU.ActiveCfg = Release|Any CPU
		{EB47C5B3-63BB-4A1D-AB70-63EB1437ECE7}.Release|Any CPU.Build.0 = Release|Any CPU
		{7247F07A-E4C6-44F0-B236-AECF6BB92C13}.Debug|Any CPU.ActiveCfg = Debug|Any CPU
		{7247F07A-E4C6-44F0-B236-AECF6BB92C13}.Debug|Any CPU.Build.0 = Debug|Any CPU
		{7247F07A-E4C6-44F0-B236-AECF6BB92C13}.Release|Any CPU.ActiveCfg = Release|Any CPU
		{7247F07A-E4C6-44F0-B236-AECF6BB92C13}.Release|Any CPU.Build.0 = Release|Any CPU
		{05D2928C-EE6F-443B-B832-299B9540424A}.Debug|Any CPU.ActiveCfg = Debug|Any CPU
		{05D2928C-EE6F-443B-B832-299B9540424A}.Debug|Any CPU.Build.0 = Debug|Any CPU
		{05D2928C-EE6F-443B-B832-299B9540424A}.Release|Any CPU.ActiveCfg = Release|Any CPU
		{05D2928C-EE6F-443B-B832-299B9540424A}.Release|Any CPU.Build.0 = Release|Any CPU
	EndGlobalSection
	GlobalSection(SolutionProperties) = preSolution
		HideSolutionNode = FALSE
	EndGlobalSection
	GlobalSection(ExtensibilityGlobals) = postSolution
		SolutionGuid = {4F56C78F-55C3-434C-903F-30F5E9359CB0}
	EndGlobalSection
EndGlobal
